
Microsoft Visual Studio Solution File, Format Version 10.00
# Visual Studio 2008
Project("{8BC9CEB8-8B4A-11D0-8D11-00A0C91BC942}") = "libsvm-3.0", "libsvm-3.0.vcproj", "{3EE5490D-95F6-4D4B-9DB4-A3BD4B0211FA}"
EndProject
Global
	GlobalSection(SolutionConfigurationPlatforms) = preSolution
		Debug|Win32 = Debug|Win32
		Release|Win32 = Release|Win32
	EndGlobalSection
	GlobalSection(ProjectConfigurationPlatforms) = postSolution
		{3EE5490D-95F6-4D4B-9DB4-A3BD4B0211FA}.Debug|Win32.ActiveCfg = Debug|Win32
		{3EE5490D-95F6-4D4B-9DB4-A3BD4B0211FA}.Debug|Win32.Build.0 = Debug|Win32
		{3EE5490D-95F6-4D4B-9DB4-A3BD4B0211FA}.Release|Win32.ActiveCfg = Release|Win32
		{3EE5490D-95F6-4D4B-9DB4-A3BD4B0211FA}.Release|Win32.Build.0 = Release|Win32
	EndGlobalSection
	GlobalSection(SolutionProperties) = preSolution
		HideSolutionNode = FALSE
	EndGlobalSection
EndGlobal
